
Microsoft Visual Studio Solution File, Format Version 12.00
# Visual Studio Version 17
VisualStudioVersion = 17.3.32811.315
MinimumVisualStudioVersion = 10.0.40219.1
Project("{9A19103F-16F7-4668-BE54-9A1E7A4F7556}") = "AOP.WebAPI.Core", "AOP.WebAPI.Core\AOP.WebAPI.Core.csproj", "{AEC42508-5CE6-41F1-A012-11B9C2A520B7}"
EndProject
Project("{9A19103F-16F7-4668-BE54-9A1E7A4F7556}") = "AOP.WebAPI", "AOP.WebAPI\AOP.WebAPI.csproj", "{A98C3769-FC67-4C0A-BC91-7DAFA15F27D0}"
EndProject
Global
	GlobalSection(SolutionConfigurationPlatforms) = preSolution
		Debug|Any CPU = Debug|Any CPU
		Release|Any CPU = Release|Any CPU
	EndGlobalSection
	GlobalSection(ProjectConfigurationPlatforms) = postSolution
		{AEC42508-5CE6-41F1-A012-11B9C2A520B7}.Debug|Any CPU.ActiveCfg = Debug|Any CPU
		{AEC42508-5CE6-41F1-A012-11B9C2A520B7}.Debug|Any CPU.Build.0 = Debug|Any CPU
		{AEC42508-5CE6-41F1-A012-11B9C2A520B7}.Release|Any CPU.ActiveCfg = Release|Any CPU
		{AEC42508-5CE6-41F1-A012-11B9C2A520B7}.Release|Any CPU.Build.0 = Release|Any CPU
		{A98C3769-FC67-4C0A-BC91-7DAFA15F27D0}.Debug|Any CPU.ActiveCfg = Debug|Any CPU
		{A98C3769-FC67-4C0A-BC91-7DAFA15F27D0}.Debug|Any CPU.Build.0 = Debug|Any CPU
		{A98C3769-FC67-4C0A-BC91-7DAFA15F27D0}.Release|Any CPU.ActiveCfg = Release|Any CPU
		{A98C3769-FC67-4C0A-BC91-7DAFA15F27D0}.Release|Any CPU.Build.0 = Release|Any CPU
	EndGlobalSection
	GlobalSection(SolutionProperties) = preSolution
		HideSolutionNode = FALSE
	EndGlobalSection
	GlobalSection(ExtensibilityGlobals) = postSolution
		SolutionGuid = {66ABC87E-7F7D-4681-8F8B-5193F7B1E38A}
	EndGlobalSection
EndGlobal
